
Microsoft Visual Studio Solution File, Format Version 12.00
# Visual Studio 15
VisualStudioVersion = 15.0.27428.2005
MinimumVisualStudioVersion = 10.0.40219.1
Project("{FAE04EC0-301F-11D3-BF4B-00C04F79EFBC}") = "RabbitMQ_NetConsumer", "RabbitMQ_NetConsumer\RabbitMQ_NetConsumer.csproj", "{A34A1436-4076-4C44-A3C0-E366E2179B2E}"
EndProject
Global
	GlobalSection(SolutionConfigurationPlatforms) = preSolution
		Debug|Any CPU = Debug|Any CPU
		Release|Any CPU = Release|Any CPU
	EndGlobalSection
	GlobalSection(ProjectConfigurationPlatforms) = postSolution
		{A34A1436-4076-4C44-A3C0-E366E2179B2E}.Debug|Any CPU.ActiveCfg = Debug|Any CPU
		{A34A1436-4076-4C44-A3C0-E366E2179B2E}.Debug|Any CPU.Build.0 = Debug|Any CPU
		{A34A1436-4076-4C44-A3C0-E366E2179B2E}.Release|Any CPU.ActiveCfg = Release|Any CPU
		{A34A1436-4076-4C44-A3C0-E366E2179B2E}.Release|Any CPU.Build.0 = Release|Any CPU
	EndGlobalSection
	GlobalSection(SolutionProperties) = preSolution
		HideSolutionNode = FALSE
	EndGlobalSection
	GlobalSection(ExtensibilityGlobals) = postSolution
		SolutionGuid = {5C7E185B-AC35-4AE9-89B6-8B67AE334CDA}
	EndGlobalSection
EndGlobal
